{
    "name": "lamba-custom-auth",
    "version": "0.0.1",
    "lockfileVersion": 3,
    "requires": true,
    "packages": {
        "": {
            "name": "lamba-custom-auth",
            "version": "0.0.1",
            "dependencies": {
                "jose": "^4.13.1"
            }
        },
        "node_modules/jose": {
            "version": "4.13.1",
            "resolved": "https://registry.npmjs.org/jose/-/jose-4.13.1.tgz",
            "integrity": "sha512-MSJQC5vXco5Br38mzaQKiq9mwt7lwj2eXpgpRyQYNHYt2lq1PjkWa7DLXX0WVcQLE9HhMh3jPiufS7fhJf+CLQ==",
            "funding": {
                "url": "https://github.com/sponsors/panva"
            }
        }
    }
}
